{
  "_meta": {
    "hash": {
      "sha256": "a1b2c3d4e5f6a7b8c9d0e1f2a3b4c5d6e7f8a9b0c1d2e3f4a5b6c7d8e9f0a1b2"
    },
    "pipfile-spec": 6,
    "requires": {
      "python_version": "3.11"
    },
    "sources": [
      {
        "name": "pypi",
        "url": "https://pypi.org/simple",
        "verify_ssl": true
      }
    ]
  },
  "default": {
    "requests": {
      "hashes": [
        "sha256:942c5a758f98d790eaed1a29cb6eefc7f0edf3fcb0fce8aea3fbd5951d28e309"
      ],
      "index": "pypi",
      "version": "==2.31.0"
    },
    "flask": {
      "hashes": [
        "sha256:21128f47e4e3b9d597a3e8521a329bf56909b690fcc3fa3e477725aa81367638"
      ],
      "index": "pypi",
      "version": "==3.0.0"
    },
    "urllib3": {
      "hashes": [
        "sha256:55901e917a5896a349ff771be919f8bd99aff50b79fe58fec595eb37bbc56bb3"
      ],
      "version": "==2.1.0"
    },
    "certifi": {
      "hashes": [
        "sha256:539cc1d13202e33ca466e88b2807e29f4c13049d6d87031a3c110744495cb082"
      ],
      "version": "==2023.7.22"
    },
    "charset-normalizer": {
      "hashes": [
        "sha256:3e4d1f6587322d2788836a99c69062fbb091331ec940e02d12d179c1d53e25fc"
      ],
      "version": "==3.3.2"
    }
  },
  "develop": {}
}
